
Microsoft Visual Studio Solution File, Format Version 12.00
# Visual Studio Version 16
VisualStudioVersion = 16.0.28922.388
MinimumVisualStudioVersion = 10.0.40219.1
Project("{FAE04EC0-301F-11D3-BF4B-00C04F79EFBC}") = "open-life-server", "open-life-server\open-life-server.csproj", "{5099EEC8-4138-4468-AB36-A39BCE9868E4}"
EndProject
Global
	GlobalSection(SolutionConfigurationPlatforms) = preSolution
		Debug|Any CPU = Debug|Any CPU
		Release|Any CPU = Release|Any CPU
	EndGlobalSection
	GlobalSection(ProjectConfigurationPlatforms) = postSolution
		{5099EEC8-4138-4468-AB36-A39BCE9868E4}.Debug|Any CPU.ActiveCfg = Debug|Any CPU
		{5099EEC8-4138-4468-AB36-A39BCE9868E4}.Debug|Any CPU.Build.0 = Debug|Any CPU
		{5099EEC8-4138-4468-AB36-A39BCE9868E4}.Release|Any CPU.ActiveCfg = Release|Any CPU
		{5099EEC8-4138-4468-AB36-A39BCE9868E4}.Release|Any CPU.Build.0 = Release|Any CPU
	EndGlobalSection
	GlobalSection(SolutionProperties) = preSolution
		HideSolutionNode = FALSE
	EndGlobalSection
	GlobalSection(ExtensibilityGlobals) = postSolution
		SolutionGuid = {F59ABB77-979C-4F8A-8BFF-85A385AD6C27}
	EndGlobalSection
EndGlobal
